
Microsoft Visual Studio Solution File, Format Version 12.00
# Visual Studio Version 17
VisualStudioVersion = 17.11.35327.3
MinimumVisualStudioVersion = 10.0.40219.1
Project("{2150E333-8FDC-42A3-9474-1A3956D46DE8}") = "Bootstrapper", "Bootstrapper", "{630CCBCA-C420-4EAA-9CE8-29D107DD0F69}"
EndProject
Project("{2150E333-8FDC-42A3-9474-1A3956D46DE8}") = "Modules", "Modules", "{6506B2CD-3D52-4B17-993E-2534A20BF9A8}"
EndProject
Project("{2150E333-8FDC-42A3-9474-1A3956D46DE8}") = "Shared", "Shared", "{6B0D5E97-8DBD-40E8-BD77-EC3919519AA7}"
EndProject
Project("{FAE04EC0-301F-11D3-BF4B-00C04F79EFBC}") = "Api", "Bootstrapper\Api\Api.csproj", "{51F1FC13-57EA-47BD-AB62-9D81215C9F61}"
EndProject
Project("{2150E333-8FDC-42A3-9474-1A3956D46DE8}") = "Catalog", "Catalog", "{E340F094-A5E3-4FC5-9FAC-9629F1B806A5}"
EndProject
Project("{2150E333-8FDC-42A3-9474-1A3956D46DE8}") = "Basket", "Basket", "{493571C2-8696-41F2-97D9-20BF05D068BE}"
EndProject
Project("{2150E333-8FDC-42A3-9474-1A3956D46DE8}") = "Ordering", "Ordering", "{89FCD606-014C-4286-AD0B-A72D64CCB657}"
EndProject
Project("{FAE04EC0-301F-11D3-BF4B-00C04F79EFBC}") = "Catalog", "Modules\Catalog\Catalog\Catalog.csproj", "{4E43E267-DBF3-42F8-9297-D278C7D116A5}"
EndProject
Project("{FAE04EC0-301F-11D3-BF4B-00C04F79EFBC}") = "Basket", "Modules\Basket\Basket\Basket.csproj", "{D388BF89-5909-4C0B-886C-DC59C2B44869}"
EndProject
Project("{FAE04EC0-301F-11D3-BF4B-00C04F79EFBC}") = "Ordering", "Modules\Ordering\Ordering\Ordering.csproj", "{C944A778-253E-4A51-A881-71753D5BAFA8}"
EndProject
Project("{FAE04EC0-301F-11D3-BF4B-00C04F79EFBC}") = "Shared", "Shared\Shared\Shared.csproj", "{6BE2D632-016C-4500-A236-854D2E5BDE5A}"
EndProject
Global
	GlobalSection(SolutionConfigurationPlatforms) = preSolution
		Debug|Any CPU = Debug|Any CPU
		Release|Any CPU = Release|Any CPU
	EndGlobalSection
	GlobalSection(ProjectConfigurationPlatforms) = postSolution
		{51F1FC13-57EA-47BD-AB62-9D81215C9F61}.Debug|Any CPU.ActiveCfg = Debug|Any CPU
		{51F1FC13-57EA-47BD-AB62-9D81215C9F61}.Debug|Any CPU.Build.0 = Debug|Any CPU
		{51F1FC13-57EA-47BD-AB62-9D81215C9F61}.Release|Any CPU.ActiveCfg = Release|Any CPU
		{51F1FC13-57EA-47BD-AB62-9D81215C9F61}.Release|Any CPU.Build.0 = Release|Any CPU
		{4E43E267-DBF3-42F8-9297-D278C7D116A5}.Debug|Any CPU.ActiveCfg = Debug|Any CPU
		{4E43E267-DBF3-42F8-9297-D278C7D116A5}.Debug|Any CPU.Build.0 = Debug|Any CPU
		{4E43E267-DBF3-42F8-9297-D278C7D116A5}.Release|Any CPU.ActiveCfg = Release|Any CPU
		{4E43E267-DBF3-42F8-9297-D278C7D116A5}.Release|Any CPU.Build.0 = Release|Any CPU
		{D388BF89-5909-4C0B-886C-DC59C2B44869}.Debug|Any CPU.ActiveCfg = Debug|Any CPU
		{D388BF89-5909-4C0B-886C-DC59C2B44869}.Debug|Any CPU.Build.0 = Debug|Any CPU
		{D388BF89-5909-4C0B-886C-DC59C2B44869}.Release|Any CPU.ActiveCfg = Release|Any CPU
		{D388BF89-5909-4C0B-886C-DC59C2B44869}.Release|Any CPU.Build.0 = Release|Any CPU
		{C944A778-253E-4A51-A881-71753D5BAFA8}.Debug|Any CPU.ActiveCfg = Debug|Any CPU
		{C944A778-253E-4A51-A881-71753D5BAFA8}.Debug|Any CPU.Build.0 = Debug|Any CPU
		{C944A778-253E-4A51-A881-71753D5BAFA8}.Release|Any CPU.ActiveCfg = Release|Any CPU
		{C944A778-253E-4A51-A881-71753D5BAFA8}.Release|Any CPU.Build.0 = Release|Any CPU
		{6BE2D632-016C-4500-A236-854D2E5BDE5A}.Debug|Any CPU.ActiveCfg = Debug|Any CPU
		{6BE2D632-016C-4500-A236-854D2E5BDE5A}.Debug|Any CPU.Build.0 = Debug|Any CPU
		{6BE2D632-016C-4500-A236-854D2E5BDE5A}.Release|Any CPU.ActiveCfg = Release|Any CPU
		{6BE2D632-016C-4500-A236-854D2E5BDE5A}.Release|Any CPU.Build.0 = Release|Any CPU
	EndGlobalSection
	GlobalSection(SolutionProperties) = preSolution
		HideSolutionNode = FALSE
	EndGlobalSection
	GlobalSection(NestedProjects) = preSolution
		{51F1FC13-57EA-47BD-AB62-9D81215C9F61} = {630CCBCA-C420-4EAA-9CE8-29D107DD0F69}
		{E340F094-A5E3-4FC5-9FAC-9629F1B806A5} = {6506B2CD-3D52-4B17-993E-2534A20BF9A8}
		{493571C2-8696-41F2-97D9-20BF05D068BE} = {6506B2CD-3D52-4B17-993E-2534A20BF9A8}
		{89FCD606-014C-4286-AD0B-A72D64CCB657} = {6506B2CD-3D52-4B17-993E-2534A20BF9A8}
		{4E43E267-DBF3-42F8-9297-D278C7D116A5} = {E340F094-A5E3-4FC5-9FAC-9629F1B806A5}
		{D388BF89-5909-4C0B-886C-DC59C2B44869} = {493571C2-8696-41F2-97D9-20BF05D068BE}
		{C944A778-253E-4A51-A881-71753D5BAFA8} = {89FCD606-014C-4286-AD0B-A72D64CCB657}
		{6BE2D632-016C-4500-A236-854D2E5BDE5A} = {6B0D5E97-8DBD-40E8-BD77-EC3919519AA7}
	EndGlobalSection
	GlobalSection(ExtensibilityGlobals) = postSolution
		SolutionGuid = {06078075-CF31-494A-8AC8-F65446572B25}
	EndGlobalSection
EndGlobal
